
Microsoft Visual Studio Solution File, Format Version 12.00
# Visual Studio 15
VisualStudioVersion = 15.0.27703.2000
MinimumVisualStudioVersion = 10.0.40219.1
Project("{8BC9CEB8-8B4A-11D0-8D11-00A0C91BC942}") = "Exercise3_1", "Exercise3_1\Exercise3_1.vcxproj", "{13FE5F01-954E-4328-A617-037C7BADD731}"
EndProject
Global
	GlobalSection(SolutionConfigurationPlatforms) = preSolution
		Debug|x64 = Debug|x64
		Debug|x86 = Debug|x86
		Release|x64 = Release|x64
		Release|x86 = Release|x86
	EndGlobalSection
	GlobalSection(ProjectConfigurationPlatforms) = postSolution
		{13FE5F01-954E-4328-A617-037C7BADD731}.Debug|x64.ActiveCfg = Debug|x64
		{13FE5F01-954E-4328-A617-037C7BADD731}.Debug|x64.Build.0 = Debug|x64
		{13FE5F01-954E-4328-A617-037C7BADD731}.Debug|x86.ActiveCfg = Debug|Win32
		{13FE5F01-954E-4328-A617-037C7BADD731}.Debug|x86.Build.0 = Debug|Win32
		{13FE5F01-954E-4328-A617-037C7BADD731}.Release|x64.ActiveCfg = Release|x64
		{13FE5F01-954E-4328-A617-037C7BADD731}.Release|x64.Build.0 = Release|x64
		{13FE5F01-954E-4328-A617-037C7BADD731}.Release|x86.ActiveCfg = Release|Win32
		{13FE5F01-954E-4328-A617-037C7BADD731}.Release|x86.Build.0 = Release|Win32
	EndGlobalSection
	GlobalSection(SolutionProperties) = preSolution
		HideSolutionNode = FALSE
	EndGlobalSection
	GlobalSection(ExtensibilityGlobals) = postSolution
		SolutionGuid = {91BD7751-BB4C-4682-B436-5F04E5BC0D81}
	EndGlobalSection
EndGlobal
